
Microsoft Visual Studio Solution File, Format Version 12.00
# Visual Studio Version 16
VisualStudioVersion = 16.0.30330.147
MinimumVisualStudioVersion = 10.0.40219.1
Project("{FAE04EC0-301F-11D3-BF4B-00C04F79EFBC}") = "CheckInAppMobile.Android", "CheckInAppMobile\CheckInAppMobile.Android\CheckInAppMobile.Android.csproj", "{3E218867-7BE6-474F-AA3E-A3E530188F6D}"
EndProject
Project("{FAE04EC0-301F-11D3-BF4B-00C04F79EFBC}") = "CheckInAppMobile.iOS", "CheckInAppMobile\CheckInAppMobile.iOS\CheckInAppMobile.iOS.csproj", "{1B4E8369-E175-4AE9-815E-956272779745}"
EndProject
Project("{FAE04EC0-301F-11D3-BF4B-00C04F79EFBC}") = "CheckInAppMobile", "CheckInAppMobile\CheckInAppMobile\CheckInAppMobile.csproj", "{A307FB2B-ED16-4404-B2E2-40604D648E42}"
EndProject
Global
	GlobalSection(SolutionConfigurationPlatforms) = preSolution
		Debug|Any CPU = Debug|Any CPU
		Debug|iPhone = Debug|iPhone
		Debug|iPhoneSimulator = Debug|iPhoneSimulator
		Release|Any CPU = Release|Any CPU
		Release|iPhone = Release|iPhone
		Release|iPhoneSimulator = Release|iPhoneSimulator
	EndGlobalSection
	GlobalSection(ProjectConfigurationPlatforms) = postSolution
		{3E218867-7BE6-474F-AA3E-A3E530188F6D}.Debug|Any CPU.ActiveCfg = Debug|Any CPU
		{3E218867-7BE6-474F-AA3E-A3E530188F6D}.Debug|Any CPU.Build.0 = Debug|Any CPU
		{3E218867-7BE6-474F-AA3E-A3E530188F6D}.Debug|Any CPU.Deploy.0 = Debug|Any CPU
		{3E218867-7BE6-474F-AA3E-A3E530188F6D}.Debug|iPhone.ActiveCfg = Debug|Any CPU
		{3E218867-7BE6-474F-AA3E-A3E530188F6D}.Debug|iPhone.Build.0 = Debug|Any CPU
		{3E218867-7BE6-474F-AA3E-A3E530188F6D}.Debug|iPhone.Deploy.0 = Debug|Any CPU
		{3E218867-7BE6-474F-AA3E-A3E530188F6D}.Debug|iPhoneSimulator.ActiveCfg = Debug|Any CPU
		{3E218867-7BE6-474F-AA3E-A3E530188F6D}.Debug|iPhoneSimulator.Build.0 = Debug|Any CPU
		{3E218867-7BE6-474F-AA3E-A3E530188F6D}.Debug|iPhoneSimulator.Deploy.0 = Debug|Any CPU
		{3E218867-7BE6-474F-AA3E-A3E530188F6D}.Release|Any CPU.ActiveCfg = Release|Any CPU
		{3E218867-7BE6-474F-AA3E-A3E530188F6D}.Release|Any CPU.Build.0 = Release|Any CPU
		{3E218867-7BE6-474F-AA3E-A3E530188F6D}.Release|Any CPU.Deploy.0 = Release|Any CPU
		{3E218867-7BE6-474F-AA3E-A3E530188F6D}.Release|iPhone.ActiveCfg = Release|Any CPU
		{3E218867-7BE6-474F-AA3E-A3E530188F6D}.Release|iPhone.Build.0 = Release|Any CPU
		{3E218867-7BE6-474F-AA3E-A3E530188F6D}.Release|iPhone.Deploy.0 = Release|Any CPU
		{3E218867-7BE6-474F-AA3E-A3E530188F6D}.Release|iPhoneSimulator.ActiveCfg = Release|Any CPU
		{3E218867-7BE6-474F-AA3E-A3E530188F6D}.Release|iPhoneSimulator.Build.0 = Release|Any CPU
		{3E218867-7BE6-474F-AA3E-A3E530188F6D}.Release|iPhoneSimulator.Deploy.0 = Release|Any CPU
		{1B4E8369-E175-4AE9-815E-956272779745}.Debug|Any CPU.ActiveCfg = Debug|iPhone
		{1B4E8369-E175-4AE9-815E-956272779745}.Debug|Any CPU.Build.0 = Debug|iPhone
		{1B4E8369-E175-4AE9-815E-956272779745}.Debug|Any CPU.Deploy.0 = Debug|iPhone
		{1B4E8369-E175-4AE9-815E-956272779745}.Debug|iPhone.ActiveCfg = Debug|iPhone
		{1B4E8369-E175-4AE9-815E-956272779745}.Debug|iPhone.Build.0 = Debug|iPhone
		{1B4E8369-E175-4AE9-815E-956272779745}.Debug|iPhone.Deploy.0 = Debug|iPhone
		{1B4E8369-E175-4AE9-815E-956272779745}.Debug|iPhoneSimulator.ActiveCfg = Debug|iPhoneSimulator
		{1B4E8369-E175-4AE9-815E-956272779745}.Debug|iPhoneSimulator.Build.0 = Debug|iPhoneSimulator
		{1B4E8369-E175-4AE9-815E-956272779745}.Debug|iPhoneSimulator.Deploy.0 = Debug|iPhoneSimulator
		{1B4E8369-E175-4AE9-815E-956272779745}.Release|Any CPU.ActiveCfg = Release|iPhone
		{1B4E8369-E175-4AE9-815E-956272779745}.Release|Any CPU.Build.0 = Release|iPhone
		{1B4E8369-E175-4AE9-815E-956272779745}.Release|Any CPU.Deploy.0 = Release|iPhone
		{1B4E8369-E175-4AE9-815E-956272779745}.Release|iPhone.ActiveCfg = Release|iPhone
		{1B4E8369-E175-4AE9-815E-956272779745}.Release|iPhone.Build.0 = Release|iPhone
		{1B4E8369-E175-4AE9-815E-956272779745}.Release|iPhone.Deploy.0 = Release|iPhone
		{1B4E8369-E175-4AE9-815E-956272779745}.Release|iPhoneSimulator.ActiveCfg = Release|iPhoneSimulator
		{1B4E8369-E175-4AE9-815E-956272779745}.Release|iPhoneSimulator.Build.0 = Release|iPhoneSimulator
		{1B4E8369-E175-4AE9-815E-956272779745}.Release|iPhoneSimulator.Deploy.0 = Release|iPhoneSimulator
		{A307FB2B-ED16-4404-B2E2-40604D648E42}.Debug|Any CPU.ActiveCfg = Debug|Any CPU
		{A307FB2B-ED16-4404-B2E2-40604D648E42}.Debug|Any CPU.Build.0 = Debug|Any CPU
		{A307FB2B-ED16-4404-B2E2-40604D648E42}.Debug|Any CPU.Deploy.0 = Debug|Any CPU
		{A307FB2B-ED16-4404-B2E2-40604D648E42}.Debug|iPhone.ActiveCfg = Debug|Any CPU
		{A307FB2B-ED16-4404-B2E2-40604D648E42}.Debug|iPhone.Build.0 = Debug|Any CPU
		{A307FB2B-ED16-4404-B2E2-40604D648E42}.Debug|iPhone.Deploy.0 = Debug|Any CPU
		{A307FB2B-ED16-4404-B2E2-40604D648E42}.Debug|iPhoneSimulator.ActiveCfg = Debug|Any CPU
		{A307FB2B-ED16-4404-B2E2-40604D648E42}.Debug|iPhoneSimulator.Build.0 = Debug|Any CPU
		{A307FB2B-ED16-4404-B2E2-40604D648E42}.Debug|iPhoneSimulator.Deploy.0 = Debug|Any CPU
		{A307FB2B-ED16-4404-B2E2-40604D648E42}.Release|Any CPU.ActiveCfg = Release|Any CPU
		{A307FB2B-ED16-4404-B2E2-40604D648E42}.Release|Any CPU.Build.0 = Release|Any CPU
		{A307FB2B-ED16-4404-B2E2-40604D648E42}.Release|Any CPU.Deploy.0 = Release|Any CPU
		{A307FB2B-ED16-4404-B2E2-40604D648E42}.Release|iPhone.ActiveCfg = Release|Any CPU
		{A307FB2B-ED16-4404-B2E2-40604D648E42}.Release|iPhone.Build.0 = Release|Any CPU
		{A307FB2B-ED16-4404-B2E2-40604D648E42}.Release|iPhone.Deploy.0 = Release|Any CPU
		{A307FB2B-ED16-4404-B2E2-40604D648E42}.Release|iPhoneSimulator.ActiveCfg = Release|Any CPU
		{A307FB2B-ED16-4404-B2E2-40604D648E42}.Release|iPhoneSimulator.Build.0 = Release|Any CPU
		{A307FB2B-ED16-4404-B2E2-40604D648E42}.Release|iPhoneSimulator.Deploy.0 = Release|Any CPU
	EndGlobalSection
	GlobalSection(SolutionProperties) = preSolution
		HideSolutionNode = FALSE
	EndGlobalSection
	GlobalSection(ExtensibilityGlobals) = postSolution
		SolutionGuid = {C9B39D14-4153-418A-81BB-B0CAD42DD94B}
	EndGlobalSection
EndGlobal
